// !$*UTF8*$!
{
	archiveVersion = 1;
	classes = {
	};
	objectVersion = 50;
	objects = {

/* Begin PBXBuildFile section */
		87344A852702B75000A4F456 /* App03_Lista_de_ColoresApp.swift in Sources */ = {isa = PBXBuildFile; fileRef = 87344A842702B75000A4F456 /* App03_Lista_de_ColoresApp.swift */; };
		87344A872702B75000A4F456 /* ListView.swift in Sources */ = {isa = PBXBuildFile; fileRef = 87344A862702B75000A4F456 /* ListView.swift */; };
		87344A892702B75100A4F456 /* Assets.xcassets in Resources */ = {isa = PBXBuildFile; fileRef = 87344A882702B75100A4F456 /* Assets.xcassets */; };
		87344A8C2702B75100A4F456 /* Preview Assets.xcassets in Resources */ = {isa = PBXBuildFile; fileRef = 87344A8B2702B75100A4F456 /* Preview Assets.xcassets */; };
		87EDFA782702B8910084C61D /* ColourView.swift in Sources */ = {isa = PBXBuildFile; fileRef = 87EDFA772702B8910084C61D /* ColourView.swift */; };
		87FB04552702B97B0005D29F /* ColourDetailView.swift in Sources */ = {isa = PBXBuildFile; fileRef = 87FB04542702B97B0005D29F /* ColourDetailView.swift */; };
		87FB04582702BAAD0005D29F /* CustomNavigationBar.swift in Sources */ = {isa = PBXBuildFile; fileRef = 87FB04572702BAAD0005D29F /* CustomNavigationBar.swift */; };
		87FB045B2702C0030005D29F /* Colors.xcassets in Resources */ = {isa = PBXBuildFile; fileRef = 87FB045A2702C0030005D29F /* Colors.xcassets */; };
		87FB045E2702C0690005D29F /* Colour.swift in Sources */ = {isa = PBXBuildFile; fileRef = 87FB045D2702C0690005D29F /* Colour.swift */; };
		87FB04612702C0F40005D29F /* ColourModel.swift in Sources */ = {isa = PBXBuildFile; fileRef = 87FB04602702C0F40005D29F /* ColourModel.swift */; };
		87FB04692702D4E60005D29F /* PTSerif-Bold.ttf in Resources */ = {isa = PBXBuildFile; fileRef = 87FB04652702D4E60005D29F /* PTSerif-Bold.ttf */; };
		87FB046A2702D4E60005D29F /* PTSerif-Regular.ttf in Resources */ = {isa = PBXBuildFile; fileRef = 87FB04662702D4E60005D29F /* PTSerif-Regular.ttf */; };
		87FB046B2702D4E60005D29F /* PTSerif-Italic.ttf in Resources */ = {isa = PBXBuildFile; fileRef = 87FB04672702D4E60005D29F /* PTSerif-Italic.ttf */; };
		87FB046C2702D4E60005D29F /* PTSerif-BoldItalic.ttf in Resources */ = {isa = PBXBuildFile; fileRef = 87FB04682702D4E60005D29F /* PTSerif-BoldItalic.ttf */; };
		87FB046F2702D4F50005D29F /* Fonts.swift in Sources */ = {isa = PBXBuildFile; fileRef = 87FB046E2702D4F50005D29F /* Fonts.swift */; };
/* End PBXBuildFile section */

/* Begin PBXFileReference section */
		87344A812702B75000A4F456 /* App03-Lista de Colores.app */ = {isa = PBXFileReference; explicitFileType = wrapper.application; includeInIndex = 0; path = "App03-Lista de Colores.app"; sourceTree = BUILT_PRODUCTS_DIR; };
		87344A842702B75000A4F456 /* App03_Lista_de_ColoresApp.swift */ = {isa = PBXFileReference; lastKnownFileType = sourcecode.swift; path = App03_Lista_de_ColoresApp.swift; sourceTree = "<group>"; };
		87344A862702B75000A4F456 /* ListView.swift */ = {isa = PBXFileReference; lastKnownFileType = sourcecode.swift; path = ListView.swift; sourceTree = "<group>"; };
		87344A882702B75100A4F456 /* Assets.xcassets */ = {isa = PBXFileReference; lastKnownFileType = folder.assetcatalog; path = Assets.xcassets; sourceTree = "<group>"; };
		87344A8B2702B75100A4F456 /* Preview Assets.xcassets */ = {isa = PBXFileReference; lastKnownFileType = folder.assetcatalog; path = "Preview Assets.xcassets"; sourceTree = "<group>"; };
		87344A8D2702B75100A4F456 /* Info.plist */ = {isa = PBXFileReference; lastKnownFileType = text.plist.xml; path = Info.plist; sourceTree = "<group>"; };
		87EDFA772702B8910084C61D /* ColourView.swift */ = {isa = PBXFileReference; lastKnownFileType = sourcecode.swift; path = ColourView.swift; sourceTree = "<group>"; };
		87FB04542702B97B0005D29F /* ColourDetailView.swift */ = {isa = PBXFileReference; lastKnownFileType = sourcecode.swift; path = ColourDetailView.swift; sourceTree = "<group>"; };
		87FB04572702BAAD0005D29F /* CustomNavigationBar.swift */ = {isa = PBXFileReference; lastKnownFileType = sourcecode.swift; path = CustomNavigationBar.swift; sourceTree = "<group>"; };
		87FB045A2702C0030005D29F /* Colors.xcassets */ = {isa = PBXFileReference; lastKnownFileType = folder.assetcatalog; path = Colors.xcassets; sourceTree = "<group>"; };
		87FB045D2702C0690005D29F /* Colour.swift */ = {isa = PBXFileReference; lastKnownFileType = sourcecode.swift; path = Colour.swift; sourceTree = "<group>"; };
		87FB04602702C0F40005D29F /* ColourModel.swift */ = {isa = PBXFileReference; lastKnownFileType = sourcecode.swift; path = ColourModel.swift; sourceTree = "<group>"; };
		87FB04652702D4E60005D29F /* PTSerif-Bold.ttf */ = {isa = PBXFileReference; lastKnownFileType = file; name = "PTSerif-Bold.ttf"; path = "../../../../../Downloads/PT_Serif/PTSerif-Bold.ttf"; sourceTree = "<group>"; };
		87FB04662702D4E60005D29F /* PTSerif-Regular.ttf */ = {isa = PBXFileReference; lastKnownFileType = file; name = "PTSerif-Regular.ttf"; path = "../../../../../Downloads/PT_Serif/PTSerif-Regular.ttf"; sourceTree = "<group>"; };
		87FB04672702D4E60005D29F /* PTSerif-Italic.ttf */ = {isa = PBXFileReference; lastKnownFileType = file; name = "PTSerif-Italic.ttf"; path = "../../../../../Downloads/PT_Serif/PTSerif-Italic.ttf"; sourceTree = "<group>"; };
		87FB04682702D4E60005D29F /* PTSerif-BoldItalic.ttf */ = {isa = PBXFileReference; lastKnownFileType = file; name = "PTSerif-BoldItalic.ttf"; path = "../../../../../Downloads/PT_Serif/PTSerif-BoldItalic.ttf"; sourceTree = "<group>"; };
		87FB046E2702D4F50005D29F /* Fonts.swift */ = {isa = PBXFileReference; lastKnownFileType = sourcecode.swift; path = Fonts.swift; sourceTree = "<group>"; };
/* End PBXFileReference section */

/* Begin PBXFrameworksBuildPhase section */
		87344A7E2702B75000A4F456 /* Frameworks */ = {
			isa = PBXFrameworksBuildPhase;
			buildActionMask = 2147483647;
			files = (
			);
			runOnlyForDeploymentPostprocessing = 0;
		};
/* End PBXFrameworksBuildPhase section */

/* Begin PBXGroup section */
		87344A782702B75000A4F456 = {
			isa = PBXGroup;
			children = (
				87344A832702B75000A4F456 /* App03-Lista de Colores */,
				87344A822702B75000A4F456 /* Products */,
			);
			sourceTree = "<group>";
		};
		87344A822702B75000A4F456 /* Products */ = {
			isa = PBXGroup;
			children = (
				87344A812702B75000A4F456 /* App03-Lista de Colores.app */,
			);
			name = Products;
			sourceTree = "<group>";
		};
		87344A832702B75000A4F456 /* App03-Lista de Colores */ = {
			isa = PBXGroup;
			children = (
				87FB04642702D4CF0005D29F /* Fonts */,
				87344A842702B75000A4F456 /* App03_Lista_de_ColoresApp.swift */,
				87344A862702B75000A4F456 /* ListView.swift */,
				87FB04542702B97B0005D29F /* ColourDetailView.swift */,
				87FB04572702BAAD0005D29F /* CustomNavigationBar.swift */,
				87EDFA772702B8910084C61D /* ColourView.swift */,
				87344A882702B75100A4F456 /* Assets.xcassets */,
				87344A8D2702B75100A4F456 /* Info.plist */,
				87344A8A2702B75100A4F456 /* Preview Content */,
				87FB045A2702C0030005D29F /* Colors.xcassets */,
				87FB045D2702C0690005D29F /* Colour.swift */,
				87FB04602702C0F40005D29F /* ColourModel.swift */,
			);
			path = "App03-Lista de Colores";
			sourceTree = "<group>";
		};
		87344A8A2702B75100A4F456 /* Preview Content */ = {
			isa = PBXGroup;
			children = (
				87344A8B2702B75100A4F456 /* Preview Assets.xcassets */,
			);
			path = "Preview Content";
			sourceTree = "<group>";
		};
		87FB04642702D4CF0005D29F /* Fonts */ = {
			isa = PBXGroup;
			children = (
				87FB04652702D4E60005D29F /* PTSerif-Bold.ttf */,
				87FB04682702D4E60005D29F /* PTSerif-BoldItalic.ttf */,
				87FB04672702D4E60005D29F /* PTSerif-Italic.ttf */,
				87FB04662702D4E60005D29F /* PTSerif-Regular.ttf */,
				87FB046E2702D4F50005D29F /* Fonts.swift */,
			);
			path = Fonts;
			sourceTree = "<group>";
		};
/* End PBXGroup section */

/* Begin PBXNativeTarget section */
		87344A802702B75000A4F456 /* App03-Lista de Colores */ = {
			isa = PBXNativeTarget;
			buildConfigurationList = 87344A902702B75100A4F456 /* Build configuration list for PBXNativeTarget "App03-Lista de Colores" */;
			buildPhases = (
				87344A7D2702B75000A4F456 /* Sources */,
				87344A7E2702B75000A4F456 /* Frameworks */,
				87344A7F2702B75000A4F456 /* Resources */,
			);
			buildRules = (
			);
			dependencies = (
			);
			name = "App03-Lista de Colores";
			productName = "App03-Lista de Colores";
			productReference = 87344A812702B75000A4F456 /* App03-Lista de Colores.app */;
			productType = "com.apple.product-type.application";
		};
/* End PBXNativeTarget section */

/* Begin PBXProject section */
		87344A792702B75000A4F456 /* Project object */ = {
			isa = PBXProject;
			attributes = {
				LastSwiftUpdateCheck = 1240;
				LastUpgradeCheck = 1240;
				TargetAttributes = {
					87344A802702B75000A4F456 = {
						CreatedOnToolsVersion = 12.4;
					};
				};
			};
			buildConfigurationList = 87344A7C2702B75000A4F456 /* Build configuration list for PBXProject "App03-Lista de Colores" */;
			compatibilityVersion = "Xcode 9.3";
			developmentRegion = en;
			hasScannedForEncodings = 0;
			knownRegions = (
				en,
				Base,
			);
			mainGroup = 87344A782702B75000A4F456;
			productRefGroup = 87344A822702B75000A4F456 /* Products */;
			projectDirPath = "";
			projectRoot = "";
			targets = (
				87344A802702B75000A4F456 /* App03-Lista de Colores */,
			);
		};
/* End PBXProject section */

/* Begin PBXResourcesBuildPhase section */
		87344A7F2702B75000A4F456 /* Resources */ = {
			isa = PBXResourcesBuildPhase;
			buildActionMask = 2147483647;
			files = (
				87344A8C2702B75100A4F456 /* Preview Assets.xcassets in Resources */,
				87FB045B2702C0030005D29F /* Colors.xcassets in Resources */,
				87344A892702B75100A4F456 /* Assets.xcassets in Resources */,
				87FB04692702D4E60005D29F /* PTSerif-Bold.ttf in Resources */,
				87FB046B2702D4E60005D29F /* PTSerif-Italic.ttf in Resources */,
				87FB046C2702D4E60005D29F /* PTSerif-BoldItalic.ttf in Resources */,
				87FB046A2702D4E60005D29F /* PTSerif-Regular.ttf in Resources */,
			);
			runOnlyForDeploymentPostprocessing = 0;
		};
/* End PBXResourcesBuildPhase section */

/* Begin PBXSourcesBuildPhase section */
		87344A7D2702B75000A4F456 /* Sources */ = {
			isa = PBXSourcesBuildPhase;
			buildActionMask = 2147483647;
			files = (
				87FB046F2702D4F50005D29F /* Fonts.swift in Sources */,
				87EDFA782702B8910084C61D /* ColourView.swift in Sources */,
				87344A872702B75000A4F456 /* ListView.swift in Sources */,
				87344A852702B75000A4F456 /* App03_Lista_de_ColoresApp.swift in Sources */,
				87FB045E2702C0690005D29F /* Colour.swift in Sources */,
				87FB04552702B97B0005D29F /* ColourDetailView.swift in Sources */,
				87FB04582702BAAD0005D29F /* CustomNavigationBar.swift in Sources */,
				87FB04612702C0F40005D29F /* ColourModel.swift in Sources */,
			);
			runOnlyForDeploymentPostprocessing = 0;
		};
/* End PBXSourcesBuildPhase section */

/* Begin XCBuildConfiguration section */
		87344A8E2702B75100A4F456 /* Debug */ = {
			isa = XCBuildConfiguration;
			buildSettings = {
				ALWAYS_SEARCH_USER_PATHS = NO;
				CLANG_ANALYZER_NONNULL = YES;
				CLANG_ANALYZER_NUMBER_OBJECT_CONVERSION = YES_AGGRESSIVE;
				CLANG_CXX_LANGUAGE_STANDARD = "gnu++14";
				CLANG_CXX_LIBRARY = "libc++";
				CLANG_ENABLE_MODULES = YES;
				CLANG_ENABLE_OBJC_ARC = YES;
				CLANG_ENABLE_OBJC_WEAK = YES;
				CLANG_WARN_BLOCK_CAPTURE_AUTORELEASING = YES;
				CLANG_WARN_BOOL_CONVERSION = YES;
				CLANG_WARN_COMMA = YES;
				CLANG_WARN_CONSTANT_CONVERSION = YES;
				CLANG_WARN_DEPRECATED_OBJC_IMPLEMENTATIONS = YES;
				CLANG_WARN_DIRECT_OBJC_ISA_USAGE = YES_ERROR;
				CLANG_WARN_DOCUMENTATION_COMMENTS = YES;
				CLANG_WARN_EMPTY_BODY = YES;
				CLANG_WARN_ENUM_CONVERSION = YES;
				CLANG_WARN_INFINITE_RECURSION = YES;
				CLANG_WARN_INT_CONVERSION = YES;
				CLANG_WARN_NON_LITERAL_NULL_CONVERSION = YES;
				CLANG_WARN_OBJC_IMPLICIT_RETAIN_SELF = YES;
				CLANG_WARN_OBJC_LITERAL_CONVERSION = YES;
				CLANG_WARN_OBJC_ROOT_CLASS = YES_ERROR;
				CLANG_WARN_QUOTED_INCLUDE_IN_FRAMEWORK_HEADER = YES;
				CLANG_WARN_RANGE_LOOP_ANALYSIS = YES;
				CLANG_WARN_STRICT_PROTOTYPES = YES;
				CLANG_WARN_SUSPICIOUS_MOVE = YES;
				CLANG_WARN_UNGUARDED_AVAILABILITY = YES_AGGRESSIVE;
				CLANG_WARN_UNREACHABLE_CODE = YES;
				CLANG_WARN__DUPLICATE_METHOD_MATCH = YES;
				COPY_PHASE_STRIP = NO;
				DEBUG_INFORMATION_FORMAT = dwarf;
				ENABLE_STRICT_OBJC_MSGSEND = YES;
				ENABLE_TESTABILITY = YES;
				GCC_C_LANGUAGE_STANDARD = gnu11;
				GCC_DYNAMIC_NO_PIC = NO;
				GCC_NO_COMMON_BLOCKS = YES;
				GCC_OPTIMIZATION_LEVEL = 0;
				GCC_PREPROCESSOR_DEFINITIONS = (
					"DEBUG=1",
					"$(inherited)",
				);
				GCC_WARN_64_TO_32_BIT_CONVERSION = YES;
				GCC_WARN_ABOUT_RETURN_TYPE = YES_ERROR;
				GCC_WARN_UNDECLARED_SELECTOR = YES;
				GCC_WARN_UNINITIALIZED_AUTOS = YES_AGGRESSIVE;
				GCC_WARN_UNUSED_FUNCTION = YES;
				GCC_WARN_UNUSED_VARIABLE = YES;
				IPHONEOS_DEPLOYMENT_TARGET = 14.4;
				MTL_ENABLE_DEBUG_INFO = INCLUDE_SOURCE;
				MTL_FAST_MATH = YES;
				ONLY_ACTIVE_ARCH = YES;
				SDKROOT = iphoneos;
				SWIFT_ACTIVE_COMPILATION_CONDITIONS = DEBUG;
				SWIFT_OPTIMIZATION_LEVEL = "-Onone";
			};
			name = Debug;
		};
		87344A8F2702B75100A4F456 /* Release */ = {
			isa = XCBuildConfiguration;
			buildSettings = {
				ALWAYS_SEARCH_USER_PATHS = NO;
				CLANG_ANALYZER_NONNULL = YES;
				CLANG_ANALYZER_NUMBER_OBJECT_CONVERSION = YES_AGGRESSIVE;
				CLANG_CXX_LANGUAGE_STANDARD = "gnu++14";
				CLANG_CXX_LIBRARY = "libc++";
				CLANG_ENABLE_MODULES = YES;
				CLANG_ENABLE_OBJC_ARC = YES;
				CLANG_ENABLE_OBJC_WEAK = YES;
				CLANG_WARN_BLOCK_CAPTURE_AUTORELEASING = YES;
				CLANG_WARN_BOOL_CONVERSION = YES;
				CLANG_WARN_COMMA = YES;
				CLANG_WARN_CONSTANT_CONVERSION = YES;
				CLANG_WARN_DEPRECATED_OBJC_IMPLEMENTATIONS = YES;
				CLANG_WARN_DIRECT_OBJC_ISA_USAGE = YES_ERROR;
				CLANG_WARN_DOCUMENTATION_COMMENTS = YES;
				CLANG_WARN_EMPTY_BODY = YES;
				CLANG_WARN_ENUM_CONVERSION = YES;
				CLANG_WARN_INFINITE_RECURSION = YES;
				CLANG_WARN_INT_CONVERSION = YES;
				CLANG_WARN_NON_LITERAL_NULL_CONVERSION = YES;
				CLANG_WARN_OBJC_IMPLICIT_RETAIN_SELF = YES;
				CLANG_WARN_OBJC_LITERAL_CONVERSION = YES;
				CLANG_WARN_OBJC_ROOT_CLASS = YES_ERROR;
				CLANG_WARN_QUOTED_INCLUDE_IN_FRAMEWORK_HEADER = YES;
				CLANG_WARN_RANGE_LOOP_ANALYSIS = YES;
				CLANG_WARN_STRICT_PROTOTYPES = YES;
				CLANG_WARN_SUSPICIOUS_MOVE = YES;
				CLANG_WARN_UNGUARDED_AVAILABILITY = YES_AGGRESSIVE;
				CLANG_WARN_UNREACHABLE_CODE = YES;
				CLANG_WARN__DUPLICATE_METHOD_MATCH = YES;
				COPY_PHASE_STRIP = NO;
				DEBUG_INFORMATION_FORMAT = "dwarf-with-dsym";
				ENABLE_NS_ASSERTIONS = NO;
				ENABLE_STRICT_OBJC_MSGSEND = YES;
				GCC_C_LANGUAGE_STANDARD = gnu11;
				GCC_NO_COMMON_BLOCKS = YES;
				GCC_WARN_64_TO_32_BIT_CONVERSION = YES;
				GCC_WARN_ABOUT_RETURN_TYPE = YES_ERROR;
				GCC_WARN_UNDECLARED_SELECTOR = YES;
				GCC_WARN_UNINITIALIZED_AUTOS = YES_AGGRESSIVE;
				GCC_WARN_UNUSED_FUNCTION = YES;
				GCC_WARN_UNUSED_VARIABLE = YES;
				IPHONEOS_DEPLOYMENT_TARGET = 14.4;
				MTL_ENABLE_DEBUG_INFO = NO;
				MTL_FAST_MATH = YES;
				SDKROOT = iphoneos;
				SWIFT_COMPILATION_MODE = wholemodule;
				SWIFT_OPTIMIZATION_LEVEL = "-O";
				VALIDATE_PRODUCT = YES;
			};
			name = Release;
		};
		87344A912702B75100A4F456 /* Debug */ = {
			isa = XCBuildConfiguration;
			buildSettings = {
				ASSETCATALOG_COMPILER_APPICON_NAME = AppIcon;
				ASSETCATALOG_COMPILER_GLOBAL_ACCENT_COLOR_NAME = AccentColor;
				CODE_SIGN_STYLE = Automatic;
				DEVELOPMENT_ASSET_PATHS = "\"App03-Lista de Colores/Preview Content\"";
				DEVELOPMENT_TEAM = SCUSZS6PXL;
				ENABLE_PREVIEWS = YES;
				INFOPLIST_FILE = "App03-Lista de Colores/Info.plist";
				IPHONEOS_DEPLOYMENT_TARGET = 14.0;
				LD_RUNPATH_SEARCH_PATHS = (
					"$(inherited)",
					"@executable_path/Frameworks",
				);
				PRODUCT_BUNDLE_IDENTIFIER = "A00828702.App03-Lista-de-Colores";
				PRODUCT_NAME = "$(TARGET_NAME)";
				SWIFT_VERSION = 5.0;
				TARGETED_DEVICE_FAMILY = "1,2";
			};
			name = Debug;
		};
		87344A922702B75100A4F456 /* Release */ = {
			isa = XCBuildConfiguration;
			buildSettings = {
				ASSETCATALOG_COMPILER_APPICON_NAME = AppIcon;
				ASSETCATALOG_COMPILER_GLOBAL_ACCENT_COLOR_NAME = AccentColor;
				CODE_SIGN_STYLE = Automatic;
				DEVELOPMENT_ASSET_PATHS = "\"App03-Lista de Colores/Preview Content\"";
				DEVELOPMENT_TEAM = SCUSZS6PXL;
				ENABLE_PREVIEWS = YES;
				INFOPLIST_FILE = "App03-Lista de Colores/Info.plist";
				IPHONEOS_DEPLOYMENT_TARGET = 14.0;
				LD_RUNPATH_SEARCH_PATHS = (
					"$(inherited)",
					"@executable_path/Frameworks",
				);
				PRODUCT_BUNDLE_IDENTIFIER = "A00828702.App03-Lista-de-Colores";
				PRODUCT_NAME = "$(TARGET_NAME)";
				SWIFT_VERSION = 5.0;
				TARGETED_DEVICE_FAMILY = "1,2";
			};
			name = Release;
		};
/* End XCBuildConfiguration section */

/* Begin XCConfigurationList section */
		87344A7C2702B75000A4F456 /* Build configuration list for PBXProject "App03-Lista de Colores" */ = {
			isa = XCConfigurationList;
			buildConfigurations = (
				87344A8E2702B75100A4F456 /* Debug */,
				87344A8F2702B75100A4F456 /* Release */,
			);
			defaultConfigurationIsVisible = 0;
			defaultConfigurationName = Release;
		};
		87344A902702B75100A4F456 /* Build configuration list for PBXNativeTarget "App03-Lista de Colores" */ = {
			isa = XCConfigurationList;
			buildConfigurations = (
				87344A912702B75100A4F456 /* Debug */,
				87344A922702B75100A4F456 /* Release */,
			);
			defaultConfigurationIsVisible = 0;
			defaultConfigurationName = Release;
		};
/* End XCConfigurationList section */
	};
	rootObject = 87344A792702B75000A4F456 /* Project object */;
}
